
Microsoft Visual Studio Solution File, Format Version 12.00
# Visual Studio Version 17
VisualStudioVersion = 17.8.34525.116
MinimumVisualStudioVersion = 10.0.40219.1
Project("{FAE04EC0-301F-11D3-BF4B-00C04F79EFBC}") = "Shape_App_Dynamic_Anon_OperatorOverloading", "Shape_App_Dynamic_Anon_OperatorOverloading.csproj", "{692B8FA1-7DD4-4960-949F-DC742E6D4ABC}"
EndProject
Global
	GlobalSection(SolutionConfigurationPlatforms) = preSolution
		Debug|Any CPU = Debug|Any CPU
		Release|Any CPU = Release|Any CPU
	EndGlobalSection
	GlobalSection(ProjectConfigurationPlatforms) = postSolution
		{692B8FA1-7DD4-4960-949F-DC742E6D4ABC}.Debug|Any CPU.ActiveCfg = Debug|Any CPU
		{692B8FA1-7DD4-4960-949F-DC742E6D4ABC}.Debug|Any CPU.Build.0 = Debug|Any CPU
		{692B8FA1-7DD4-4960-949F-DC742E6D4ABC}.Release|Any CPU.ActiveCfg = Release|Any CPU
		{692B8FA1-7DD4-4960-949F-DC742E6D4ABC}.Release|Any CPU.Build.0 = Release|Any CPU
	EndGlobalSection
	GlobalSection(SolutionProperties) = preSolution
		HideSolutionNode = FALSE
	EndGlobalSection
	GlobalSection(ExtensibilityGlobals) = postSolution
		SolutionGuid = {785BEE12-CAE4-4F18-92CA-7E8AAA72866D}
	EndGlobalSection
EndGlobal
